Microsoft Visual Studio Solution File, Format Version 12.00
# Visual Studio Version 17
VisualStudioVersion = 17.0.31611.283
MinimumVisualStudioVersion = 10.0.40219.1
Project("{9A19103F-16F7-4668-BE54-9A1E7A4F7556}") = "GrooveBoxLibrary", "GrooveBoxLibrary\GrooveBoxLibrary.csproj", "{F02B3259-876D-443D-AD26-E6445474710A}"
EndProject
Project("{9A19103F-16F7-4668-BE54-9A1E7A4F7556}") = "GrooveBoxApi", "GrooveBoxApi\GrooveBoxApi.csproj", "{E6EACEEA-3528-4A2D-A37B-BFB551451BE6}"
EndProject
Project("{2150E333-8FDC-42A3-9474-1A3956D46DE8}") = "Desktop", "Desktop", "{0FD43B0D-F4BA-49D5-B8CE-E8C6C2214EE4}"
EndProject
Project("{2150E333-8FDC-42A3-9474-1A3956D46DE8}") = "API", "API", "{8F31AB9C-EDA0-4240-940E-DF35AD7728A9}"
EndProject
Project("{00D1A9C2-B5F0-4AF3-8072-F6C62B433612}") = "GrooveBoxData", "GrooveBoxData\GrooveBoxData.sqlproj", "{3D0AF0DE-6F3D-4C52-A9BC-D0CCCBCA9EF8}"
EndProject
Project("{9A19103F-16F7-4668-BE54-9A1E7A4F7556}") = "GrooveBoxDesktop", "GrooveBoxDesktop\GrooveBoxDesktop.csproj", "{8ADC51AA-168B-4CBB-9864-63570D40098E}"
EndProject
Global
	GlobalSection(SolutionConfigurationPlatforms) = preSolution
		Debug|Any CPU = Debug|Any CPU
		Release|Any CPU = Release|Any CPU
	EndGlobalSection
	GlobalSection(ProjectConfigurationPlatforms) = postSolution
		{F02B3259-876D-443D-AD26-E6445474710A}.Debug|Any CPU.ActiveCfg = Debug|Any CPU
		{F02B3259-876D-443D-AD26-E6445474710A}.Debug|Any CPU.Build.0 = Debug|Any CPU
		{F02B3259-876D-443D-AD26-E6445474710A}.Release|Any CPU.ActiveCfg = Release|Any CPU
		{F02B3259-876D-443D-AD26-E6445474710A}.Release|Any CPU.Build.0 = Release|Any CPU
		{E6EACEEA-3528-4A2D-A37B-BFB551451BE6}.Debug|Any CPU.ActiveCfg = Debug|Any CPU
		{E6EACEEA-3528-4A2D-A37B-BFB551451BE6}.Debug|Any CPU.Build.0 = Debug|Any CPU
		{E6EACEEA-3528-4A2D-A37B-BFB551451BE6}.Release|Any CPU.ActiveCfg = Release|Any CPU
		{E6EACEEA-3528-4A2D-A37B-BFB551451BE6}.Release|Any CPU.Build.0 = Release|Any CPU
		{3D0AF0DE-6F3D-4C52-A9BC-D0CCCBCA9EF8}.Debug|Any CPU.ActiveCfg = Debug|Any CPU
		{3D0AF0DE-6F3D-4C52-A9BC-D0CCCBCA9EF8}.Debug|Any CPU.Build.0 = Debug|Any CPU
		{3D0AF0DE-6F3D-4C52-A9BC-D0CCCBCA9EF8}.Debug|Any CPU.Deploy.0 = Debug|Any CPU
		{3D0AF0DE-6F3D-4C52-A9BC-D0CCCBCA9EF8}.Release|Any CPU.ActiveCfg = Release|Any CPU
		{3D0AF0DE-6F3D-4C52-A9BC-D0CCCBCA9EF8}.Release|Any CPU.Build.0 = Release|Any CPU
		{3D0AF0DE-6F3D-4C52-A9BC-D0CCCBCA9EF8}.Release|Any CPU.Deploy.0 = Release|Any CPU
		{8ADC51AA-168B-4CBB-9864-63570D40098E}.Debug|Any CPU.ActiveCfg = Debug|Any CPU
		{8ADC51AA-168B-4CBB-9864-63570D40098E}.Debug|Any CPU.Build.0 = Debug|Any CPU
		{8ADC51AA-168B-4CBB-9864-63570D40098E}.Debug|Any CPU.Deploy.0 = Debug|Any CPU
		{8ADC51AA-168B-4CBB-9864-63570D40098E}.Release|Any CPU.ActiveCfg = Release|Any CPU
		{8ADC51AA-168B-4CBB-9864-63570D40098E}.Release|Any CPU.Build.0 = Release|Any CPU
		{8ADC51AA-168B-4CBB-9864-63570D40098E}.Release|Any CPU.Deploy.0 = Release|Any CPU
	EndGlobalSection
	GlobalSection(SolutionProperties) = preSolution
		HideSolutionNode = FALSE
	EndGlobalSection
	GlobalSection(NestedProjects) = preSolution
		{F02B3259-876D-443D-AD26-E6445474710A} = {0FD43B0D-F4BA-49D5-B8CE-E8C6C2214EE4}
		{E6EACEEA-3528-4A2D-A37B-BFB551451BE6} = {8F31AB9C-EDA0-4240-940E-DF35AD7728A9}
		{3D0AF0DE-6F3D-4C52-A9BC-D0CCCBCA9EF8} = {8F31AB9C-EDA0-4240-940E-DF35AD7728A9}
		{8ADC51AA-168B-4CBB-9864-63570D40098E} = {0FD43B0D-F4BA-49D5-B8CE-E8C6C2214EE4}
	EndGlobalSection
	GlobalSection(ExtensibilityGlobals) = postSolution
		        SolutionGuid = {61F7FB11-1E47-470C-91E2-47F8143E1572}
		SolutionGuid = {355CEEC5-6DD3-40DB-BDCC-D8740E10FC63}
	EndGlobalSection
EndGlobal
